
Microsoft Visual Studio Solution File, Format Version 12.00
# Visual Studio Version 17
VisualStudioVersion = 17.11.35222.181
MinimumVisualStudioVersion = 10.0.40219.1
Project("{9A19103F-16F7-4668-BE54-9A1E7A4F7556}") = "SeleniumTesting", "SeleniumTesting.csproj", "{81247498-8C9A-423E-A1C9-72D82968EA04}"
EndProject
Global
	GlobalSection(SolutionConfigurationPlatforms) = preSolution
		Debug|Any CPU = Debug|Any CPU
		Release|Any CPU = Release|Any CPU
	EndGlobalSection
	GlobalSection(ProjectConfigurationPlatforms) = postSolution
		{81247498-8C9A-423E-A1C9-72D82968EA04}.Debug|Any CPU.ActiveCfg = Debug|Any CPU
		{81247498-8C9A-423E-A1C9-72D82968EA04}.Debug|Any CPU.Build.0 = Debug|Any CPU
		{81247498-8C9A-423E-A1C9-72D82968EA04}.Release|Any CPU.ActiveCfg = Release|Any CPU
		{81247498-8C9A-423E-A1C9-72D82968EA04}.Release|Any CPU.Build.0 = Release|Any CPU
	EndGlobalSection
	GlobalSection(SolutionProperties) = preSolution
		HideSolutionNode = FALSE
	EndGlobalSection
	GlobalSection(ExtensibilityGlobals) = postSolution
		SolutionGuid = {7E8C1C64-CA31-4325-B516-95B30D74BC32}
	EndGlobalSection
EndGlobal
